%{"decimal": {:hex, :decimal, "1.3.1", "157b3cedb2bfcb5359372a7766dd7a41091ad34578296e951f58a946fcab49c6", [:mix], []},
  "math": {:hex, :math, "0.2.0", "e7d94733ef0f3a9051a7de58a8f30aa13bee4c7824020580a39dd19174f9cadc", [:mix], []},
  "numbers": {:hex, :numbers, "2.0.1", "ddccab36d4cd201071bac8d57e1a905634ff6711681a9019e984e4cab40a3a78", [:mix], []}}
